{
  "R": {
    "Version": "4.5.2",
    "Repositories": [
      {
        "Name": "CRAN",
        "URL": "https://packagemanager.posit.co/cran/latest"
      }
    ]
  },
  "Packages": {
    "BH": {
      "Package": "BH",
      "Version": "1.87.0-1",
      "Source": "Repository",
      "Repository": "CRAN",
      "Hash": "468d9a03ba57f22ebde50060fd13ba9f"
    },
    "DEoptimR": {
      "Package": "DEoptimR",
      "Version": "1.1-4",
      "Source": "Repository",
      "Repository": "RSPM",
      "Requirements": [
        "stats"
      ],
      "Hash": "8952055890918ed495311e754a5bb3d8"
    },
    "MASS": {
      "Package": "MASS",
      "Version": "7.3-65",
      "Source": "Repository",
      "Repository": "CRAN",
      "Requirements": [
        "R",
        "grDevices",
        "graphics",
        "methods",
        "stats",
        "utils"
      ],
      "Hash": "a41d0fc833ea756a1136b60a437efe26"
    },
    "Matrix": {
      "Package": "Matrix",
      "Version": "1.7-4",
      "Source": "Repository",
      "Repository": "CRAN",
      "Requirements": [
        "R",
        "grDevices",
        "graphics",
        "grid",
        "lattice",
        "methods",
        "stats",
        "utils"
      ],
      "Hash": "7dbe8933065523bfc227027091bf2b1f"
    },
    "MatrixModels": {
      "Package": "MatrixModels",
      "Version": "0.5-4",
      "Source": "Repository",
      "Repository": "RSPM",
      "Requirements": [
        "Matrix",
        "R",
        "methods",
        "stats"
      ],
      "Hash": "7b77557b453924e27e8a0c88d6798cd4"
    },
    "R6": {
      "Package": "R6",
      "Version": "2.6.1",
      "Source": "Repository",
      "Repository": "CRAN",
      "Requirements": [
        "R"
      ],
      "Hash": "d4335fe7207f1c01ab8c41762f5840d4"
    },
    "RApiSerialize": {
      "Package": "RApiSerialize",
      "Version": "0.1.4",
      "Source": "Repository",
      "Repository": "CRAN",
      "Hash": "363cffb978c5b0e8042623638e984574"
    },
    "Rcpp": {
      "Package": "Rcpp",
      "Version": "1.1.0",
      "Source": "Repository",
      "Repository": "CRAN",
      "Requirements": [
        "methods",
        "utils"
      ],
      "Hash": "0d3d8867aa41b0d9ad113b50c169ecb2"
    },
    "RcppArmadillo": {
      "Package": "RcppArmadillo",
      "Version": "15.0.2-2",
      "Source": "Repository",
      "Repository": "RSPM",
      "Requirements": [
        "R",
        "Rcpp",
        "methods",
        "stats",
        "utils"
      ],
      "Hash": "58f3d2b5e2b8d44756c2d21e24b719e9"
    },
    "RcppParallel": {
      "Package": "RcppParallel",
      "Version": "5.1.11-1",
      "Source": "Repository",
      "Repository": "CRAN",
      "Requirements": [
        "R"
      ],
      "Hash": "07d228a359f31d8aebe6d2f643c1f012"
    },
    "SparseM": {
      "Package": "SparseM",
      "Version": "1.84-2",
      "Source": "Repository",
      "Repository": "RSPM",
      "Requirements": [
        "R",
        "graphics",
        "methods",
        "stats",
        "utils"
      ],
      "Hash": "e78499cbcbbca98200254bd171379165"
    },
    "abc": {
      "Package": "abc",
      "Version": "2.2.2",
      "Source": "Repository",
      "Repository": "RSPM",
      "Requirements": [
        "MASS",
        "R",
        "abc.data",
        "locfit",
        "nnet",
        "quantreg"
      ],
      "Hash": "fcbd86c0595cc7bc44dbaa7ec4c1e620"
    },
    "abc.data": {
      "Package": "abc.data",
      "Version": "1.1",
      "Source": "Repository",
      "Repository": "RSPM",
      "Requirements": [
        "R"
      ],
      "Hash": "c2c1214d2a010ce60f741718c7b1191c"
    },
    "cli": {
      "Package": "cli",
      "Version": "3.6.5",
      "Source": "Repository",
      "Repository": "CRAN",
      "Requirements": [
        "R",
        "utils"
      ],
      "Hash": "16850760556401a2eeb27d39bd11c9cb"
    },
    "codetools": {
      "Package": "codetools",
      "Version": "0.2-20",
      "Source": "Repository",
      "Repository": "CRAN",
      "Requirements": [
        "R"
      ],
      "Hash": "61e097f35917d342622f21cdc79c256e"
    },
    "cpp11": {
      "Package": "cpp11",
      "Version": "0.5.2",
      "Source": "Repository",
      "Repository": "CRAN",
      "Requirements": [
        "R"
      ],
      "Hash": "2720e3fd3dad08f34b19b56b3d6f073d"
    },
    "doParallel": {
      "Package": "doParallel",
      "Version": "1.0.17",
      "Source": "Repository",
      "Repository": "RSPM",
      "Requirements": [
        "R",
        "foreach",
        "iterators",
        "parallel",
        "utils"
      ],
      "Hash": "451e5edf411987991ab6a5410c45011f"
    },
    "dplyr": {
      "Package": "dplyr",
      "Version": "1.1.4",
      "Source": "Repository",
      "Repository": "RSPM",
      "Requirements": [
        "R",
        "R6",
        "cli",
        "generics",
        "glue",
        "lifecycle",
        "magrittr",
        "methods",
        "pillar",
        "rlang",
        "tibble",
        "tidyselect",
        "utils",
        "vctrs"
      ],
      "Hash": "fedd9d00c2944ff00a0e2696ccf048ec"
    },
    "extraDistr": {
      "Package": "extraDistr",
      "Version": "1.10.0",
      "Source": "Repository",
      "Repository": "RSPM",
      "Requirements": [
        "R",
        "Rcpp"
      ],
      "Hash": "49235792aad38657fffef40802f614c5"
    },
    "foreach": {
      "Package": "foreach",
      "Version": "1.5.2",
      "Source": "Repository",
      "Repository": "RSPM",
      "Requirements": [
        "R",
        "codetools",
        "iterators",
        "utils"
      ],
      "Hash": "618609b42c9406731ead03adf5379850"
    },
    "foreign": {
      "Package": "foreign",
      "Version": "0.8-90",
      "Source": "Repository",
      "Repository": "CRAN",
      "Requirements": [
        "R",
        "methods",
        "stats",
        "utils"
      ],
      "Hash": "f8bb52cf63a7ba97c87e47ede10976ad"
    },
    "fossil": {
      "Package": "fossil",
      "Version": "0.4.0",
      "Source": "Repository",
      "Repository": "RSPM",
      "Requirements": [
        "maps",
        "shapefiles",
        "sp"
      ],
      "Hash": "40516c0ab0d9da3e1415618e5c95ed3a"
    },
    "gdistance": {
      "Package": "gdistance",
      "Version": "1.6.5",
      "Source": "Repository",
      "Repository": "RSPM",
      "Requirements": [
        "Matrix",
        "R",
        "igraph",
        "methods",
        "raster",
        "sp",
        "stats",
        "terra"
      ],
      "Hash": "1905b82294bda273db54fc16fc239ba9"
    },
    "generics": {
      "Package": "generics",
      "Version": "0.1.4",
      "Source": "Repository",
      "Repository": "RSPM",
      "Requirements": [
        "R",
        "methods"
      ],
      "Hash": "4b29bf698d0c7bdb9f1e4976e7ade41d"
    },
    "glue": {
      "Package": "glue",
      "Version": "1.8.0",
      "Source": "Repository",
      "Repository": "CRAN",
      "Requirements": [
        "R",
        "methods"
      ],
      "Hash": "5899f1eaa825580172bb56c08266f37c"
    },
    "igraph": {
      "Package": "igraph",
      "Version": "2.2.1",
      "Source": "Repository",
      "Repository": "RSPM",
      "Requirements": [
        "Matrix",
        "R",
        "cli",
        "cpp11",
        "grDevices",
        "graphics",
        "lifecycle",
        "magrittr",
        "methods",
        "pkgconfig",
        "rlang",
        "stats",
        "utils",
        "vctrs"
      ],
      "Hash": "8f3943f8c98e594bff132804aa4edf57"
    },
    "iterators": {
      "Package": "iterators",
      "Version": "1.0.14",
      "Source": "Repository",
      "Repository": "RSPM",
      "Requirements": [
        "R",
        "utils"
      ],
      "Hash": "8954069286b4b2b0d023d1b288dce978"
    },
    "lattice": {
      "Package": "lattice",
      "Version": "0.22-7",
      "Source": "Repository",
      "Repository": "CRAN",
      "Requirements": [
        "R",
        "grDevices",
        "graphics",
        "grid",
        "stats",
        "utils"
      ],
      "Hash": "934f30aea6442867f57a610034ab06d3"
    },
    "lhs": {
      "Package": "lhs",
      "Version": "1.2.0",
      "Source": "Repository",
      "Repository": "RSPM",
      "Requirements": [
        "R",
        "Rcpp"
      ],
      "Hash": "6d18e58d3d1de31b6e5415c1fe291113"
    },
    "lifecycle": {
      "Package": "lifecycle",
      "Version": "1.0.4",
      "Source": "Repository",
      "Repository": "CRAN",
      "Requirements": [
        "R",
        "cli",
        "glue",
        "rlang"
      ],
      "Hash": "b8552d117e1b808b09a832f589b79035"
    },
    "locfit": {
      "Package": "locfit",
      "Version": "1.5-9.12",
      "Source": "Repository",
      "Repository": "RSPM",
      "Requirements": [
        "R",
        "lattice"
      ],
      "Hash": "23be15415024fa0c7c48ec613a26b4c1"
    },
    "magrittr": {
      "Package": "magrittr",
      "Version": "2.0.4",
      "Source": "Repository",
      "Repository": "CRAN",
      "Requirements": [
        "R"
      ],
      "Hash": "8b3b213aa0c54a0dec254288ccb545d1"
    },
    "maps": {
      "Package": "maps",
      "Version": "3.4.3",
      "Source": "Repository",
      "Repository": "RSPM",
      "Requirements": [
        "R",
        "graphics",
        "utils"
      ],
      "Hash": "fd17b77df6edadecf2fe08382c5a2eb1"
    },
    "metRology": {
      "Package": "metRology",
      "Version": "0.9-29-2",
      "Source": "Repository",
      "Repository": "RSPM",
      "Requirements": [
        "MASS",
        "R",
        "base",
        "graphics",
        "numDeriv",
        "robustbase",
        "stats"
      ],
      "Hash": "c69fe82fb057353b2dfdf45025d3b14a"
    },
    "nnet": {
      "Package": "nnet",
      "Version": "7.3-20",
      "Source": "Repository",
      "Repository": "CRAN",
      "Requirements": [
        "R",
        "stats",
        "utils"
      ],
      "Hash": "c955edf99ff24a32e96bd0a22645af60"
    },
    "numDeriv": {
      "Package": "numDeriv",
      "Version": "2016.8-1.1",
      "Source": "Repository",
      "Repository": "RSPM",
      "Requirements": [
        "R"
      ],
      "Hash": "df58958f293b166e4ab885ebcad90e02"
    },
    "pillar": {
      "Package": "pillar",
      "Version": "1.11.1",
      "Source": "Repository",
      "Repository": "CRAN",
      "Requirements": [
        "cli",
        "glue",
        "lifecycle",
        "rlang",
        "utf8",
        "utils",
        "vctrs"
      ],
      "Hash": "1395e64f2689ffd503657778e810cee2"
    },
    "pkgconfig": {
      "Package": "pkgconfig",
      "Version": "2.0.3",
      "Source": "Repository",
      "Repository": "CRAN",
      "Requirements": [
        "utils"
      ],
      "Hash": "01f28d4278f15c76cddbea05899c5d6f"
    },
    "poems": {
      "Package": "poems",
      "Version": "1.3.3",
      "Source": "Repository",
      "Repository": "RSPM",
      "Requirements": [
        "R",
        "R6",
        "abc",
        "doParallel",
        "foreach",
        "fossil",
        "gdistance",
        "lhs",
        "metRology",
        "qs",
        "raster",
        "trend",
        "truncnorm"
      ],
      "Hash": "feb56d76f18a0644b2d2e5da4f444cc0"
    },
    "purrr": {
      "Package": "purrr",
      "Version": "1.2.0",
      "Source": "Repository",
      "Repository": "CRAN",
      "Requirements": [
        "R",
        "cli",
        "lifecycle",
        "magrittr",
        "rlang",
        "vctrs"
      ],
      "Hash": "5150f0e38b8150315ac853acade2740e"
    },
    "qs": {
      "Package": "qs",
      "Version": "0.27.3",
      "Source": "Repository",
      "Repository": "CRAN",
      "Requirements": [
        "BH",
        "R",
        "RApiSerialize",
        "Rcpp",
        "stringfish"
      ],
      "Hash": "c9b643f00e514841ba0ded6dc33f788b"
    },
    "qs2": {
      "Package": "qs2",
      "Version": "0.1.5",
      "Source": "Repository",
      "Repository": "CRAN",
      "Requirements": [
        "R",
        "Rcpp",
        "RcppParallel",
        "stringfish"
      ],
      "Hash": "9e7ed4d4fdc5aef4ac2e729cc123d326"
    },
    "quantreg": {
      "Package": "quantreg",
      "Version": "6.1",
      "Source": "Repository",
      "Repository": "RSPM",
      "Requirements": [
        "MASS",
        "Matrix",
        "MatrixModels",
        "R",
        "SparseM",
        "graphics",
        "methods",
        "stats",
        "survival"
      ],
      "Hash": "c761594a7770e688a6e79003ed04877a"
    },
    "raster": {
      "Package": "raster",
      "Version": "3.6-32",
      "Source": "Repository",
      "Repository": "RSPM",
      "Requirements": [
        "R",
        "Rcpp",
        "methods",
        "sp",
        "terra"
      ],
      "Hash": "1e193fc2c727a6f83cf95d9e16024423"
    },
    "renv": {
      "Package": "renv",
      "Version": "1.1.5",
      "Source": "Repository",
      "Repository": "CRAN",
      "Requirements": [
        "utils"
      ],
      "Hash": "770fcbc2c4616e8fbcb187cccd46a6b1"
    },
    "rlang": {
      "Package": "rlang",
      "Version": "1.1.6",
      "Source": "Repository",
      "Repository": "CRAN",
      "Requirements": [
        "R",
        "utils"
      ],
      "Hash": "892124978869b74935dc3934c42bfe5a"
    },
    "robustbase": {
      "Package": "robustbase",
      "Version": "0.99-6",
      "Source": "Repository",
      "Repository": "RSPM",
      "Requirements": [
        "DEoptimR",
        "R",
        "graphics",
        "methods",
        "stats",
        "utils"
      ],
      "Hash": "4fda771ce1c3e1d8d8c920bcaa09f6ad"
    },
    "shapefiles": {
      "Package": "shapefiles",
      "Version": "0.7.2",
      "Source": "Repository",
      "Repository": "RSPM",
      "Requirements": [
        "R",
        "foreign"
      ],
      "Hash": "3dd518413caef24b6d865a1a18477390"
    },
    "sp": {
      "Package": "sp",
      "Version": "2.2-0",
      "Source": "Repository",
      "Repository": "RSPM",
      "Requirements": [
        "R",
        "grDevices",
        "graphics",
        "grid",
        "lattice",
        "methods",
        "stats",
        "utils"
      ],
      "Hash": "d9ff3b753db98bc50650314c8782abe6"
    },
    "stringfish": {
      "Package": "stringfish",
      "Version": "0.17.0",
      "Source": "Repository",
      "Repository": "CRAN",
      "Requirements": [
        "R",
        "Rcpp",
        "RcppParallel"
      ],
      "Hash": "3534d75027aa5209780e7aded733983c"
    },
    "survival": {
      "Package": "survival",
      "Version": "3.8-3",
      "Source": "Repository",
      "Repository": "CRAN",
      "Requirements": [
        "Matrix",
        "R",
        "graphics",
        "methods",
        "splines",
        "stats",
        "utils"
      ],
      "Hash": "fe42836742a4f065b3f3f5de81fccab9"
    },
    "terra": {
      "Package": "terra",
      "Version": "1.8-80",
      "Source": "Repository",
      "Repository": "RSPM",
      "Requirements": [
        "R",
        "Rcpp",
        "methods"
      ],
      "Hash": "af6ece019beb5940e6453a5efe12d86d"
    },
    "tibble": {
      "Package": "tibble",
      "Version": "3.3.0",
      "Source": "Repository",
      "Repository": "CRAN",
      "Requirements": [
        "R",
        "cli",
        "lifecycle",
        "magrittr",
        "methods",
        "pillar",
        "pkgconfig",
        "rlang",
        "utils",
        "vctrs"
      ],
      "Hash": "784b27d0801c3829de602105757b2cd7"
    },
    "tidyselect": {
      "Package": "tidyselect",
      "Version": "1.2.1",
      "Source": "Repository",
      "Repository": "RSPM",
      "Requirements": [
        "R",
        "cli",
        "glue",
        "lifecycle",
        "rlang",
        "vctrs",
        "withr"
      ],
      "Hash": "829f27b9c4919c16b593794a6344d6c0"
    },
    "trend": {
      "Package": "trend",
      "Version": "1.1.6",
      "Source": "Repository",
      "Repository": "RSPM",
      "Requirements": [
        "R",
        "extraDistr"
      ],
      "Hash": "0a27351b603a59f590401bc1c3938da1"
    },
    "truncnorm": {
      "Package": "truncnorm",
      "Version": "1.0-9",
      "Source": "Repository",
      "Repository": "RSPM",
      "Requirements": [
        "R"
      ],
      "Hash": "ef5b32c5194351ff409dfb37ca9468f1"
    },
    "utf8": {
      "Package": "utf8",
      "Version": "1.2.6",
      "Source": "Repository",
      "Repository": "CRAN",
      "Requirements": [
        "R"
      ],
      "Hash": "d526d558be176e9ceb68c3d1e83479b7"
    },
    "vctrs": {
      "Package": "vctrs",
      "Version": "0.6.5",
      "Source": "Repository",
      "Repository": "CRAN",
      "Requirements": [
        "R",
        "cli",
        "glue",
        "lifecycle",
        "rlang"
      ],
      "Hash": "c03fa420630029418f7e6da3667aac4a"
    },
    "withr": {
      "Package": "withr",
      "Version": "3.0.2",
      "Source": "Repository",
      "Repository": "CRAN",
      "Requirements": [
        "R",
        "grDevices",
        "graphics"
      ],
      "Hash": "cc2d62c76458d425210d1eb1478b30b4"
    }
  }
}
